
Microsoft Visual Studio Solution File, Format Version 12.00
# Visual Studio Version 16
VisualStudioVersion = 16.0.30907.101
MinimumVisualStudioVersion = 10.0.40219.1
Project("{FAE04EC0-301F-11D3-BF4B-00C04F79EFBC}") = "MyDictionaryClass", "MyDictionaryClass\MyDictionaryClass.csproj", "{16A21470-2EE2-4F82-A431-EC922E2E6237}"
EndProject
Global
	GlobalSection(SolutionConfigurationPlatforms) = preSolution
		Debug|Any CPU = Debug|Any CPU
		Release|Any CPU = Release|Any CPU
	EndGlobalSection
	GlobalSection(ProjectConfigurationPlatforms) = postSolution
		{16A21470-2EE2-4F82-A431-EC922E2E6237}.Debug|Any CPU.ActiveCfg = Debug|Any CPU
		{16A21470-2EE2-4F82-A431-EC922E2E6237}.Debug|Any CPU.Build.0 = Debug|Any CPU
		{16A21470-2EE2-4F82-A431-EC922E2E6237}.Release|Any CPU.ActiveCfg = Release|Any CPU
		{16A21470-2EE2-4F82-A431-EC922E2E6237}.Release|Any CPU.Build.0 = Release|Any CPU
	EndGlobalSection
	GlobalSection(SolutionProperties) = preSolution
		HideSolutionNode = FALSE
	EndGlobalSection
	GlobalSection(ExtensibilityGlobals) = postSolution
		SolutionGuid = {0BF38AC0-834B-4B9E-A101-34D904DC4CF0}
	EndGlobalSection
EndGlobal
